
Microsoft Visual Studio Solution File, Format Version 12.00
# Visual Studio Version 17
VisualStudioVersion = 17.5.33502.453
MinimumVisualStudioVersion = 10.0.40219.1
Project("{FAE04EC0-301F-11D3-BF4B-00C04F79EFBC}") = "Week 14_OOP", "Week 14_OOP\Week 14_OOP.csproj", "{A99E8488-1402-4FE8-A111-3F76464D62A0}"
EndProject
Project("{FAE04EC0-301F-11D3-BF4B-00C04F79EFBC}") = "class_cat", "class_cat\class_cat.csproj", "{6520EA1B-131B-49C4-8AAB-9C4B2B46C6B0}"
EndProject
Global
	GlobalSection(SolutionConfigurationPlatforms) = preSolution
		Debug|Any CPU = Debug|Any CPU
		Release|Any CPU = Release|Any CPU
	EndGlobalSection
	GlobalSection(ProjectConfigurationPlatforms) = postSolution
		{A99E8488-1402-4FE8-A111-3F76464D62A0}.Debug|Any CPU.ActiveCfg = Debug|Any CPU
		{A99E8488-1402-4FE8-A111-3F76464D62A0}.Debug|Any CPU.Build.0 = Debug|Any CPU
		{A99E8488-1402-4FE8-A111-3F76464D62A0}.Release|Any CPU.ActiveCfg = Release|Any CPU
		{A99E8488-1402-4FE8-A111-3F76464D62A0}.Release|Any CPU.Build.0 = Release|Any CPU
		{6520EA1B-131B-49C4-8AAB-9C4B2B46C6B0}.Debug|Any CPU.ActiveCfg = Debug|Any CPU
		{6520EA1B-131B-49C4-8AAB-9C4B2B46C6B0}.Debug|Any CPU.Build.0 = Debug|Any CPU
		{6520EA1B-131B-49C4-8AAB-9C4B2B46C6B0}.Release|Any CPU.ActiveCfg = Release|Any CPU
		{6520EA1B-131B-49C4-8AAB-9C4B2B46C6B0}.Release|Any CPU.Build.0 = Release|Any CPU
	EndGlobalSection
	GlobalSection(SolutionProperties) = preSolution
		HideSolutionNode = FALSE
	EndGlobalSection
	GlobalSection(ExtensibilityGlobals) = postSolution
		SolutionGuid = {7ACBC3AE-74FB-47F6-B808-9F563BF232C9}
	EndGlobalSection
EndGlobal
